// !$*UTF8*$!
{
	archiveVersion = 1;
	classes = {
	};
	objectVersion = 55;
	objects = {

/* Begin PBXBuildFile section */
		228AED8A280731A600ABBBA5 /* SignInViewModel.swift in Sources */ = {isa = PBXBuildFile; fileRef = 228AED89280731A600ABBBA5 /* SignInViewModel.swift */; };
		228AED8C2807325100ABBBA5 /* SignInUIS.swift in Sources */ = {isa = PBXBuildFile; fileRef = 228AED8B2807325100ABBBA5 /* SignInUIS.swift */; };
		22D55C9D28073FC100A292ED /* SplashViewRouter.swift in Sources */ = {isa = PBXBuildFile; fileRef = 22D55C9C28073FC100A292ED /* SplashViewRouter.swift */; };
		22FFD47E2804DE230076DA6A /* PomoFoxApp.swift in Sources */ = {isa = PBXBuildFile; fileRef = 22FFD47D2804DE230076DA6A /* PomoFoxApp.swift */; };
		22FFD4822804DE290076DA6A /* Assets.xcassets in Resources */ = {isa = PBXBuildFile; fileRef = 22FFD4812804DE290076DA6A /* Assets.xcassets */; };
		22FFD4852804DE290076DA6A /* Preview Assets.xcassets in Resources */ = {isa = PBXBuildFile; fileRef = 22FFD4842804DE290076DA6A /* Preview Assets.xcassets */; };
		22FFD48F2804DE2A0076DA6A /* PomoFoxTests.swift in Sources */ = {isa = PBXBuildFile; fileRef = 22FFD48E2804DE2A0076DA6A /* PomoFoxTests.swift */; };
		22FFD4992804DE2A0076DA6A /* PomoFoxUITests.swift in Sources */ = {isa = PBXBuildFile; fileRef = 22FFD4982804DE2A0076DA6A /* PomoFoxUITests.swift */; };
		22FFD49B2804DE2A0076DA6A /* PomoFoxUITestsLaunchTests.swift in Sources */ = {isa = PBXBuildFile; fileRef = 22FFD49A2804DE2A0076DA6A /* PomoFoxUITestsLaunchTests.swift */; };
		22FFD4AC2804E0410076DA6A /* SplashView.swift in Sources */ = {isa = PBXBuildFile; fileRef = 22FFD4AB2804E0410076DA6A /* SplashView.swift */; };
		22FFD4AE2804E5770076DA6A /* SplashUIState.swift in Sources */ = {isa = PBXBuildFile; fileRef = 22FFD4AD2804E5760076DA6A /* SplashUIState.swift */; };
		22FFD4B02804E5CC0076DA6A /* SplashViewModel.swift in Sources */ = {isa = PBXBuildFile; fileRef = 22FFD4AF2804E5CC0076DA6A /* SplashViewModel.swift */; };
		22FFD4B62804F2CE0076DA6A /* SignInView.swift in Sources */ = {isa = PBXBuildFile; fileRef = 22FFD4B52804F2CE0076DA6A /* SignInView.swift */; };
/* End PBXBuildFile section */

/* Begin PBXContainerItemProxy section */
		22FFD48B2804DE2A0076DA6A /* PBXContainerItemProxy */ = {
			isa = PBXContainerItemProxy;
			containerPortal = 22FFD4722804DE220076DA6A /* Project object */;
			proxyType = 1;
			remoteGlobalIDString = 22FFD4792804DE230076DA6A;
			remoteInfo = PomoFox;
		};
		22FFD4952804DE2A0076DA6A /* PBXContainerItemProxy */ = {
			isa = PBXContainerItemProxy;
			containerPortal = 22FFD4722804DE220076DA6A /* Project object */;
			proxyType = 1;
			remoteGlobalIDString = 22FFD4792804DE230076DA6A;
			remoteInfo = PomoFox;
		};
/* End PBXContainerItemProxy section */

/* Begin PBXFileReference section */
		228AED89280731A600ABBBA5 /* SignInViewModel.swift */ = {isa = PBXFileReference; lastKnownFileType = sourcecode.swift; path = SignInViewModel.swift; sourceTree = "<group>"; };
		228AED8B2807325100ABBBA5 /* SignInUIS.swift */ = {isa = PBXFileReference; lastKnownFileType = sourcecode.swift; path = SignInUIS.swift; sourceTree = "<group>"; };
		22D55C9C28073FC100A292ED /* SplashViewRouter.swift */ = {isa = PBXFileReference; lastKnownFileType = sourcecode.swift; path = SplashViewRouter.swift; sourceTree = "<group>"; };
		22FFD47A2804DE230076DA6A /* PomoFox.app */ = {isa = PBXFileReference; explicitFileType = wrapper.application; includeInIndex = 0; path = PomoFox.app; sourceTree = BUILT_PRODUCTS_DIR; };
		22FFD47D2804DE230076DA6A /* PomoFoxApp.swift */ = {isa = PBXFileReference; lastKnownFileType = sourcecode.swift; path = PomoFoxApp.swift; sourceTree = "<group>"; };
		22FFD4812804DE290076DA6A /* Assets.xcassets */ = {isa = PBXFileReference; lastKnownFileType = folder.assetcatalog; path = Assets.xcassets; sourceTree = "<group>"; };
		22FFD4842804DE290076DA6A /* Preview Assets.xcassets */ = {isa = PBXFileReference; lastKnownFileType = folder.assetcatalog; path = "Preview Assets.xcassets"; sourceTree = "<group>"; };
		22FFD48A2804DE2A0076DA6A /* PomoFoxTests.xctest */ = {isa = PBXFileReference; explicitFileType = wrapper.cfbundle; includeInIndex = 0; path = PomoFoxTests.xctest; sourceTree = BUILT_PRODUCTS_DIR; };
		22FFD48E2804DE2A0076DA6A /* PomoFoxTests.swift */ = {isa = PBXFileReference; lastKnownFileType = sourcecode.swift; path = PomoFoxTests.swift; sourceTree = "<group>"; };
		22FFD4942804DE2A0076DA6A /* PomoFoxUITests.xctest */ = {isa = PBXFileReference; explicitFileType = wrapper.cfbundle; includeInIndex = 0; path = PomoFoxUITests.xctest; sourceTree = BUILT_PRODUCTS_DIR; };
		22FFD4982804DE2A0076DA6A /* PomoFoxUITests.swift */ = {isa = PBXFileReference; lastKnownFileType = sourcecode.swift; path = PomoFoxUITests.swift; sourceTree = "<group>"; };
		22FFD49A2804DE2A0076DA6A /* PomoFoxUITestsLaunchTests.swift */ = {isa = PBXFileReference; lastKnownFileType = sourcecode.swift; path = PomoFoxUITestsLaunchTests.swift; sourceTree = "<group>"; };
		22FFD4AB2804E0410076DA6A /* SplashView.swift */ = {isa = PBXFileReference; lastKnownFileType = sourcecode.swift; path = SplashView.swift; sourceTree = "<group>"; };
		22FFD4AD2804E5760076DA6A /* SplashUIState.swift */ = {isa = PBXFileReference; lastKnownFileType = sourcecode.swift; path = SplashUIState.swift; sourceTree = "<group>"; };
		22FFD4AF2804E5CC0076DA6A /* SplashViewModel.swift */ = {isa = PBXFileReference; lastKnownFileType = sourcecode.swift; path = SplashViewModel.swift; sourceTree = "<group>"; };
		22FFD4B52804F2CE0076DA6A /* SignInView.swift */ = {isa = PBXFileReference; lastKnownFileType = sourcecode.swift; path = SignInView.swift; sourceTree = "<group>"; };
/* End PBXFileReference section */

/* Begin PBXFrameworksBuildPhase section */
		22FFD4772804DE230076DA6A /* Frameworks */ = {
			isa = PBXFrameworksBuildPhase;
			buildActionMask = 2147483647;
			files = (
			);
			runOnlyForDeploymentPostprocessing = 0;
		};
		22FFD4872804DE2A0076DA6A /* Frameworks */ = {
			isa = PBXFrameworksBuildPhase;
			buildActionMask = 2147483647;
			files = (
			);
			runOnlyForDeploymentPostprocessing = 0;
		};
		22FFD4912804DE2A0076DA6A /* Frameworks */ = {
			isa = PBXFrameworksBuildPhase;
			buildActionMask = 2147483647;
			files = (
			);
			runOnlyForDeploymentPostprocessing = 0;
		};
/* End PBXFrameworksBuildPhase section */

/* Begin PBXGroup section */
		22FFD4712804DE220076DA6A = {
			isa = PBXGroup;
			children = (
				22FFD47C2804DE230076DA6A /* PomoFox */,
				22FFD48D2804DE2A0076DA6A /* PomoFoxTests */,
				22FFD4972804DE2A0076DA6A /* PomoFoxUITests */,
				22FFD47B2804DE230076DA6A /* Products */,
			);
			sourceTree = "<group>";
		};
		22FFD47B2804DE230076DA6A /* Products */ = {
			isa = PBXGroup;
			children = (
				22FFD47A2804DE230076DA6A /* PomoFox.app */,
				22FFD48A2804DE2A0076DA6A /* PomoFoxTests.xctest */,
				22FFD4942804DE2A0076DA6A /* PomoFoxUITests.xctest */,
			);
			name = Products;
			sourceTree = "<group>";
		};
		22FFD47C2804DE230076DA6A /* PomoFox */ = {
			isa = PBXGroup;
			children = (
				22FFD4B12804F2110076DA6A /* SignIn */,
				22FFD4A72804DFB50076DA6A /* Splash */,
				22FFD47D2804DE230076DA6A /* PomoFoxApp.swift */,
				22FFD4812804DE290076DA6A /* Assets.xcassets */,
				22FFD4832804DE290076DA6A /* Preview Content */,
			);
			path = PomoFox;
			sourceTree = "<group>";
		};
		22FFD4832804DE290076DA6A /* Preview Content */ = {
			isa = PBXGroup;
			children = (
				22FFD4842804DE290076DA6A /* Preview Assets.xcassets */,
			);
			path = "Preview Content";
			sourceTree = "<group>";
		};
		22FFD48D2804DE2A0076DA6A /* PomoFoxTests */ = {
			isa = PBXGroup;
			children = (
				22FFD48E2804DE2A0076DA6A /* PomoFoxTests.swift */,
			);
			path = PomoFoxTests;
			sourceTree = "<group>";
		};
		22FFD4972804DE2A0076DA6A /* PomoFoxUITests */ = {
			isa = PBXGroup;
			children = (
				22FFD4982804DE2A0076DA6A /* PomoFoxUITests.swift */,
				22FFD49A2804DE2A0076DA6A /* PomoFoxUITestsLaunchTests.swift */,
			);
			path = PomoFoxUITests;
			sourceTree = "<group>";
		};
		22FFD4A72804DFB50076DA6A /* Splash */ = {
			isa = PBXGroup;
			children = (
				22FFD4AA2804DFCA0076DA6A /* ViewModel */,
				22FFD4A92804DFC40076DA6A /* Model */,
				22FFD4A82804DFBD0076DA6A /* View */,
			);
			path = Splash;
			sourceTree = "<group>";
		};
		22FFD4A82804DFBD0076DA6A /* View */ = {
			isa = PBXGroup;
			children = (
				22FFD4AB2804E0410076DA6A /* SplashView.swift */,
			);
			path = View;
			sourceTree = "<group>";
		};
		22FFD4A92804DFC40076DA6A /* Model */ = {
			isa = PBXGroup;
			children = (
				22FFD4AD2804E5760076DA6A /* SplashUIState.swift */,
			);
			path = Model;
			sourceTree = "<group>";
		};
		22FFD4AA2804DFCA0076DA6A /* ViewModel */ = {
			isa = PBXGroup;
			children = (
				22FFD4AF2804E5CC0076DA6A /* SplashViewModel.swift */,
				22D55C9C28073FC100A292ED /* SplashViewRouter.swift */,
			);
			path = ViewModel;
			sourceTree = "<group>";
		};
		22FFD4B12804F2110076DA6A /* SignIn */ = {
			isa = PBXGroup;
			children = (
				22FFD4B42804F22D0076DA6A /* ViewModel */,
				22FFD4B32804F2260076DA6A /* Model */,
				22FFD4B22804F21B0076DA6A /* View */,
			);
			path = SignIn;
			sourceTree = "<group>";
		};
		22FFD4B22804F21B0076DA6A /* View */ = {
			isa = PBXGroup;
			children = (
				22FFD4B52804F2CE0076DA6A /* SignInView.swift */,
			);
			path = View;
			sourceTree = "<group>";
		};
		22FFD4B32804F2260076DA6A /* Model */ = {
			isa = PBXGroup;
			children = (
				228AED8B2807325100ABBBA5 /* SignInUIS.swift */,
			);
			path = Model;
			sourceTree = "<group>";
		};
		22FFD4B42804F22D0076DA6A /* ViewModel */ = {
			isa = PBXGroup;
			children = (
				228AED89280731A600ABBBA5 /* SignInViewModel.swift */,
			);
			path = ViewModel;
			sourceTree = "<group>";
		};
/* End PBXGroup section */

/* Begin PBXNativeTarget section */
		22FFD4792804DE230076DA6A /* PomoFox */ = {
			isa = PBXNativeTarget;
			buildConfigurationList = 22FFD49E2804DE2A0076DA6A /* Build configuration list for PBXNativeTarget "PomoFox" */;
			buildPhases = (
				22FFD4762804DE230076DA6A /* Sources */,
				22FFD4772804DE230076DA6A /* Frameworks */,
				22FFD4782804DE230076DA6A /* Resources */,
			);
			buildRules = (
			);
			dependencies = (
			);
			name = PomoFox;
			productName = PomoFox;
			productReference = 22FFD47A2804DE230076DA6A /* PomoFox.app */;
			productType = "com.apple.product-type.application";
		};
		22FFD4892804DE2A0076DA6A /* PomoFoxTests */ = {
			isa = PBXNativeTarget;
			buildConfigurationList = 22FFD4A12804DE2A0076DA6A /* Build configuration list for PBXNativeTarget "PomoFoxTests" */;
			buildPhases = (
				22FFD4862804DE2A0076DA6A /* Sources */,
				22FFD4872804DE2A0076DA6A /* Frameworks */,
				22FFD4882804DE2A0076DA6A /* Resources */,
			);
			buildRules = (
			);
			dependencies = (
				22FFD48C2804DE2A0076DA6A /* PBXTargetDependency */,
			);
			name = PomoFoxTests;
			productName = PomoFoxTests;
			productReference = 22FFD48A2804DE2A0076DA6A /* PomoFoxTests.xctest */;
			productType = "com.apple.product-type.bundle.unit-test";
		};
		22FFD4932804DE2A0076DA6A /* PomoFoxUITests */ = {
			isa = PBXNativeTarget;
			buildConfigurationList = 22FFD4A42804DE2A0076DA6A /* Build configuration list for PBXNativeTarget "PomoFoxUITests" */;
			buildPhases = (
				22FFD4902804DE2A0076DA6A /* Sources */,
				22FFD4912804DE2A0076DA6A /* Frameworks */,
				22FFD4922804DE2A0076DA6A /* Resources */,
			);
			buildRules = (
			);
			dependencies = (
				22FFD4962804DE2A0076DA6A /* PBXTargetDependency */,
			);
			name = PomoFoxUITests;
			productName = PomoFoxUITests;
			productReference = 22FFD4942804DE2A0076DA6A /* PomoFoxUITests.xctest */;
			productType = "com.apple.product-type.bundle.ui-testing";
		};
/* End PBXNativeTarget section */

/* Begin PBXProject section */
		22FFD4722804DE220076DA6A /* Project object */ = {
			isa = PBXProject;
			attributes = {
				BuildIndependentTargetsInParallel = 1;
				LastSwiftUpdateCheck = 1330;
				LastUpgradeCheck = 1330;
				TargetAttributes = {
					22FFD4792804DE230076DA6A = {
						CreatedOnToolsVersion = 13.3;
					};
					22FFD4892804DE2A0076DA6A = {
						CreatedOnToolsVersion = 13.3;
						TestTargetID = 22FFD4792804DE230076DA6A;
					};
					22FFD4932804DE2A0076DA6A = {
						CreatedOnToolsVersion = 13.3;
						TestTargetID = 22FFD4792804DE230076DA6A;
					};
				};
			};
			buildConfigurationList = 22FFD4752804DE220076DA6A /* Build configuration list for PBXProject "PomoFox" */;
			compatibilityVersion = "Xcode 13.0";
			developmentRegion = en;
			hasScannedForEncodings = 0;
			knownRegions = (
				en,
				Base,
			);
			mainGroup = 22FFD4712804DE220076DA6A;
			productRefGroup = 22FFD47B2804DE230076DA6A /* Products */;
			projectDirPath = "";
			projectRoot = "";
			targets = (
				22FFD4792804DE230076DA6A /* PomoFox */,
				22FFD4892804DE2A0076DA6A /* PomoFoxTests */,
				22FFD4932804DE2A0076DA6A /* PomoFoxUITests */,
			);
		};
/* End PBXProject section */

/* Begin PBXResourcesBuildPhase section */
		22FFD4782804DE230076DA6A /* Resources */ = {
			isa = PBXResourcesBuildPhase;
			buildActionMask = 2147483647;
			files = (
				22FFD4852804DE290076DA6A /* Preview Assets.xcassets in Resources */,
				22FFD4822804DE290076DA6A /* Assets.xcassets in Resources */,
			);
			runOnlyForDeploymentPostprocessing = 0;
		};
		22FFD4882804DE2A0076DA6A /* Resources */ = {
			isa = PBXResourcesBuildPhase;
			buildActionMask = 2147483647;
			files = (
			);
			runOnlyForDeploymentPostprocessing = 0;
		};
		22FFD4922804DE2A0076DA6A /* Resources */ = {
			isa = PBXResourcesBuildPhase;
			buildActionMask = 2147483647;
			files = (
			);
			runOnlyForDeploymentPostprocessing = 0;
		};
/* End PBXResourcesBuildPhase section */

/* Begin PBXSourcesBuildPhase section */
		22FFD4762804DE230076DA6A /* Sources */ = {
			isa = PBXSourcesBuildPhase;
			buildActionMask = 2147483647;
			files = (
				22D55C9D28073FC100A292ED /* SplashViewRouter.swift in Sources */,
				22FFD4B02804E5CC0076DA6A /* SplashViewModel.swift in Sources */,
				228AED8C2807325100ABBBA5 /* SignInUIS.swift in Sources */,
				22FFD4AE2804E5770076DA6A /* SplashUIState.swift in Sources */,
				228AED8A280731A600ABBBA5 /* SignInViewModel.swift in Sources */,
				22FFD47E2804DE230076DA6A /* PomoFoxApp.swift in Sources */,
				22FFD4AC2804E0410076DA6A /* SplashView.swift in Sources */,
				22FFD4B62804F2CE0076DA6A /* SignInView.swift in Sources */,
			);
			runOnlyForDeploymentPostprocessing = 0;
		};
		22FFD4862804DE2A0076DA6A /* Sources */ = {
			isa = PBXSourcesBuildPhase;
			buildActionMask = 2147483647;
			files = (
				22FFD48F2804DE2A0076DA6A /* PomoFoxTests.swift in Sources */,
			);
			runOnlyForDeploymentPostprocessing = 0;
		};
		22FFD4902804DE2A0076DA6A /* Sources */ = {
			isa = PBXSourcesBuildPhase;
			buildActionMask = 2147483647;
			files = (
				22FFD4992804DE2A0076DA6A /* PomoFoxUITests.swift in Sources */,
				22FFD49B2804DE2A0076DA6A /* PomoFoxUITestsLaunchTests.swift in Sources */,
			);
			runOnlyForDeploymentPostprocessing = 0;
		};
/* End PBXSourcesBuildPhase section */

/* Begin PBXTargetDependency section */
		22FFD48C2804DE2A0076DA6A /* PBXTargetDependency */ = {
			isa = PBXTargetDependency;
			target = 22FFD4792804DE230076DA6A /* PomoFox */;
			targetProxy = 22FFD48B2804DE2A0076DA6A /* PBXContainerItemProxy */;
		};
		22FFD4962804DE2A0076DA6A /* PBXTargetDependency */ = {
			isa = PBXTargetDependency;
			target = 22FFD4792804DE230076DA6A /* PomoFox */;
			targetProxy = 22FFD4952804DE2A0076DA6A /* PBXContainerItemProxy */;
		};
/* End PBXTargetDependency section */

/* Begin XCBuildConfiguration section */
		22FFD49C2804DE2A0076DA6A /* Debug */ = {
			isa = XCBuildConfiguration;
			buildSettings = {
				ALWAYS_SEARCH_USER_PATHS = NO;
				CLANG_ANALYZER_NONNULL = YES;
				CLANG_ANALYZER_NUMBER_OBJECT_CONVERSION = YES_AGGRESSIVE;
				CLANG_CXX_LANGUAGE_STANDARD = "gnu++17";
				CLANG_ENABLE_MODULES = YES;
				CLANG_ENABLE_OBJC_ARC = YES;
				CLANG_ENABLE_OBJC_WEAK = YES;
				CLANG_WARN_BLOCK_CAPTURE_AUTORELEASING = YES;
				CLANG_WARN_BOOL_CONVERSION = YES;
				CLANG_WARN_COMMA = YES;
				CLANG_WARN_CONSTANT_CONVERSION = YES;
				CLANG_WARN_DEPRECATED_OBJC_IMPLEMENTATIONS = YES;
				CLANG_WARN_DIRECT_OBJC_ISA_USAGE = YES_ERROR;
				CLANG_WARN_DOCUMENTATION_COMMENTS = YES;
				CLANG_WARN_EMPTY_BODY = YES;
				CLANG_WARN_ENUM_CONVERSION = YES;
				CLANG_WARN_INFINITE_RECURSION = YES;
				CLANG_WARN_INT_CONVERSION = YES;
				CLANG_WARN_NON_LITERAL_NULL_CONVERSION = YES;
				CLANG_WARN_OBJC_IMPLICIT_RETAIN_SELF = YES;
				CLANG_WARN_OBJC_LITERAL_CONVERSION = YES;
				CLANG_WARN_OBJC_ROOT_CLASS = YES_ERROR;
				CLANG_WARN_QUOTED_INCLUDE_IN_FRAMEWORK_HEADER = YES;
				CLANG_WARN_RANGE_LOOP_ANALYSIS = YES;
				CLANG_WARN_STRICT_PROTOTYPES = YES;
				CLANG_WARN_SUSPICIOUS_MOVE = YES;
				CLANG_WARN_UNGUARDED_AVAILABILITY = YES_AGGRESSIVE;
				CLANG_WARN_UNREACHABLE_CODE = YES;
				CLANG_WARN__DUPLICATE_METHOD_MATCH = YES;
				COPY_PHASE_STRIP = NO;
				DEBUG_INFORMATION_FORMAT = dwarf;
				ENABLE_STRICT_OBJC_MSGSEND = YES;
				ENABLE_TESTABILITY = YES;
				GCC_C_LANGUAGE_STANDARD = gnu11;
				GCC_DYNAMIC_NO_PIC = NO;
				GCC_NO_COMMON_BLOCKS = YES;
				GCC_OPTIMIZATION_LEVEL = 0;
				GCC_PREPROCESSOR_DEFINITIONS = (
					"DEBUG=1",
					"$(inherited)",
				);
				GCC_WARN_64_TO_32_BIT_CONVERSION = YES;
				GCC_WARN_ABOUT_RETURN_TYPE = YES_ERROR;
				GCC_WARN_UNDECLARED_SELECTOR = YES;
				GCC_WARN_UNINITIALIZED_AUTOS = YES_AGGRESSIVE;
				GCC_WARN_UNUSED_FUNCTION = YES;
				GCC_WARN_UNUSED_VARIABLE = YES;
				IPHONEOS_DEPLOYMENT_TARGET = 15.4;
				MTL_ENABLE_DEBUG_INFO = INCLUDE_SOURCE;
				MTL_FAST_MATH = YES;
				ONLY_ACTIVE_ARCH = YES;
				SDKROOT = iphoneos;
				SWIFT_ACTIVE_COMPILATION_CONDITIONS = DEBUG;
				SWIFT_OPTIMIZATION_LEVEL = "-Onone";
			};
			name = Debug;
		};
		22FFD49D2804DE2A0076DA6A /* Release */ = {
			isa = XCBuildConfiguration;
			buildSettings = {
				ALWAYS_SEARCH_USER_PATHS = NO;
				CLANG_ANALYZER_NONNULL = YES;
				CLANG_ANALYZER_NUMBER_OBJECT_CONVERSION = YES_AGGRESSIVE;
				CLANG_CXX_LANGUAGE_STANDARD = "gnu++17";
				CLANG_ENABLE_MODULES = YES;
				CLANG_ENABLE_OBJC_ARC = YES;
				CLANG_ENABLE_OBJC_WEAK = YES;
				CLANG_WARN_BLOCK_CAPTURE_AUTORELEASING = YES;
				CLANG_WARN_BOOL_CONVERSION = YES;
				CLANG_WARN_COMMA = YES;
				CLANG_WARN_CONSTANT_CONVERSION = YES;
				CLANG_WARN_DEPRECATED_OBJC_IMPLEMENTATIONS = YES;
				CLANG_WARN_DIRECT_OBJC_ISA_USAGE = YES_ERROR;
				CLANG_WARN_DOCUMENTATION_COMMENTS = YES;
				CLANG_WARN_EMPTY_BODY = YES;
				CLANG_WARN_ENUM_CONVERSION = YES;
				CLANG_WARN_INFINITE_RECURSION = YES;
				CLANG_WARN_INT_CONVERSION = YES;
				CLANG_WARN_NON_LITERAL_NULL_CONVERSION = YES;
				CLANG_WARN_OBJC_IMPLICIT_RETAIN_SELF = YES;
				CLANG_WARN_OBJC_LITERAL_CONVERSION = YES;
				CLANG_WARN_OBJC_ROOT_CLASS = YES_ERROR;
				CLANG_WARN_QUOTED_INCLUDE_IN_FRAMEWORK_HEADER = YES;
				CLANG_WARN_RANGE_LOOP_ANALYSIS = YES;
				CLANG_WARN_STRICT_PROTOTYPES = YES;
				CLANG_WARN_SUSPICIOUS_MOVE = YES;
				CLANG_WARN_UNGUARDED_AVAILABILITY = YES_AGGRESSIVE;
				CLANG_WARN_UNREACHABLE_CODE = YES;
				CLANG_WARN__DUPLICATE_METHOD_MATCH = YES;
				COPY_PHASE_STRIP = NO;
				DEBUG_INFORMATION_FORMAT = "dwarf-with-dsym";
				ENABLE_NS_ASSERTIONS = NO;
				ENABLE_STRICT_OBJC_MSGSEND = YES;
				GCC_C_LANGUAGE_STANDARD = gnu11;
				GCC_NO_COMMON_BLOCKS = YES;
				GCC_WARN_64_TO_32_BIT_CONVERSION = YES;
				GCC_WARN_ABOUT_RETURN_TYPE = YES_ERROR;
				GCC_WARN_UNDECLARED_SELECTOR = YES;
				GCC_WARN_UNINITIALIZED_AUTOS = YES_AGGRESSIVE;
				GCC_WARN_UNUSED_FUNCTION = YES;
				GCC_WARN_UNUSED_VARIABLE = YES;
				IPHONEOS_DEPLOYMENT_TARGET = 15.4;
				MTL_ENABLE_DEBUG_INFO = NO;
				MTL_FAST_MATH = YES;
				SDKROOT = iphoneos;
				SWIFT_COMPILATION_MODE = wholemodule;
				SWIFT_OPTIMIZATION_LEVEL = "-O";
				VALIDATE_PRODUCT = YES;
			};
			name = Release;
		};
		22FFD49F2804DE2A0076DA6A /* Debug */ = {
			isa = XCBuildConfiguration;
			buildSettings = {
				ASSETCATALOG_COMPILER_APPICON_NAME = AppIcon;
				ASSETCATALOG_COMPILER_GLOBAL_ACCENT_COLOR_NAME = AccentColor;
				CODE_SIGN_STYLE = Automatic;
				CURRENT_PROJECT_VERSION = 1;
				DEVELOPMENT_ASSET_PATHS = "\"PomoFox/Preview Content\"";
				ENABLE_PREVIEWS = YES;
				GENERATE_INFOPLIST_FILE = YES;
				INFOPLIST_KEY_UIApplicationSceneManifest_Generation = YES;
				INFOPLIST_KEY_UIApplicationSupportsIndirectInputEvents = YES;
				INFOPLIST_KEY_UILaunchScreen_Generation = YES;
				INFOPLIST_KEY_UISupportedInterfaceOrientations_iPad = "UIInterfaceOrientationPortrait UIInterfaceOrientationPortraitUpsideDown UIInterfaceOrientationLandscapeLeft UIInterfaceOrientationLandscapeRight";
				INFOPLIST_KEY_UISupportedInterfaceOrientations_iPhone = "UIInterfaceOrientationPortrait UIInterfaceOrientationLandscapeLeft UIInterfaceOrientationLandscapeRight";
				LD_RUNPATH_SEARCH_PATHS = (
					"$(inherited)",
					"@executable_path/Frameworks",
				);
				MARKETING_VERSION = 1.0;
				PRODUCT_BUNDLE_IDENTIFIER = com.segatto.anabelle.PomoFox;
				PRODUCT_NAME = "$(TARGET_NAME)";
				SWIFT_EMIT_LOC_STRINGS = YES;
				SWIFT_VERSION = 5.0;
				TARGETED_DEVICE_FAMILY = "1,2";
			};
			name = Debug;
		};
		22FFD4A02804DE2A0076DA6A /* Release */ = {
			isa = XCBuildConfiguration;
			buildSettings = {
				ASSETCATALOG_COMPILER_APPICON_NAME = AppIcon;
				ASSETCATALOG_COMPILER_GLOBAL_ACCENT_COLOR_NAME = AccentColor;
				CODE_SIGN_STYLE = Automatic;
				CURRENT_PROJECT_VERSION = 1;
				DEVELOPMENT_ASSET_PATHS = "\"PomoFox/Preview Content\"";
				ENABLE_PREVIEWS = YES;
				GENERATE_INFOPLIST_FILE = YES;
				INFOPLIST_KEY_UIApplicationSceneManifest_Generation = YES;
				INFOPLIST_KEY_UIApplicationSupportsIndirectInputEvents = YES;
				INFOPLIST_KEY_UILaunchScreen_Generation = YES;
				INFOPLIST_KEY_UISupportedInterfaceOrientations_iPad = "UIInterfaceOrientationPortrait UIInterfaceOrientationPortraitUpsideDown UIInterfaceOrientationLandscapeLeft UIInterfaceOrientationLandscapeRight";
				INFOPLIST_KEY_UISupportedInterfaceOrientations_iPhone = "UIInterfaceOrientationPortrait UIInterfaceOrientationLandscapeLeft UIInterfaceOrientationLandscapeRight";
				LD_RUNPATH_SEARCH_PATHS = (
					"$(inherited)",
					"@executable_path/Frameworks",
				);
				MARKETING_VERSION = 1.0;
				PRODUCT_BUNDLE_IDENTIFIER = com.segatto.anabelle.PomoFox;
				PRODUCT_NAME = "$(TARGET_NAME)";
				SWIFT_EMIT_LOC_STRINGS = YES;
				SWIFT_VERSION = 5.0;
				TARGETED_DEVICE_FAMILY = "1,2";
			};
			name = Release;
		};
		22FFD4A22804DE2A0076DA6A /* Debug */ = {
			isa = XCBuildConfiguration;
			buildSettings = {
				ALWAYS_EMBED_SWIFT_STANDARD_LIBRARIES = YES;
				BUNDLE_LOADER = "$(TEST_HOST)";
				CODE_SIGN_STYLE = Automatic;
				CURRENT_PROJECT_VERSION = 1;
				GENERATE_INFOPLIST_FILE = YES;
				IPHONEOS_DEPLOYMENT_TARGET = 15.4;
				MARKETING_VERSION = 1.0;
				PRODUCT_BUNDLE_IDENTIFIER = com.segatto.anabelle.PomoFoxTests;
				PRODUCT_NAME = "$(TARGET_NAME)";
				SWIFT_EMIT_LOC_STRINGS = NO;
				SWIFT_VERSION = 5.0;
				TARGETED_DEVICE_FAMILY = "1,2";
				TEST_HOST = "$(BUILT_PRODUCTS_DIR)/PomoFox.app/PomoFox";
			};
			name = Debug;
		};
		22FFD4A32804DE2A0076DA6A /* Release */ = {
			isa = XCBuildConfiguration;
			buildSettings = {
				ALWAYS_EMBED_SWIFT_STANDARD_LIBRARIES = YES;
				BUNDLE_LOADER = "$(TEST_HOST)";
				CODE_SIGN_STYLE = Automatic;
				CURRENT_PROJECT_VERSION = 1;
				GENERATE_INFOPLIST_FILE = YES;
				IPHONEOS_DEPLOYMENT_TARGET = 15.4;
				MARKETING_VERSION = 1.0;
				PRODUCT_BUNDLE_IDENTIFIER = com.segatto.anabelle.PomoFoxTests;
				PRODUCT_NAME = "$(TARGET_NAME)";
				SWIFT_EMIT_LOC_STRINGS = NO;
				SWIFT_VERSION = 5.0;
				TARGETED_DEVICE_FAMILY = "1,2";
				TEST_HOST = "$(BUILT_PRODUCTS_DIR)/PomoFox.app/PomoFox";
			};
			name = Release;
		};
		22FFD4A52804DE2A0076DA6A /* Debug */ = {
			isa = XCBuildConfiguration;
			buildSettings = {
				ALWAYS_EMBED_SWIFT_STANDARD_LIBRARIES = YES;
				CODE_SIGN_STYLE = Automatic;
				CURRENT_PROJECT_VERSION = 1;
				GENERATE_INFOPLIST_FILE = YES;
				MARKETING_VERSION = 1.0;
				PRODUCT_BUNDLE_IDENTIFIER = com.segatto.anabelle.PomoFoxUITests;
				PRODUCT_NAME = "$(TARGET_NAME)";
				SWIFT_EMIT_LOC_STRINGS = NO;
				SWIFT_VERSION = 5.0;
				TARGETED_DEVICE_FAMILY = "1,2";
				TEST_TARGET_NAME = PomoFox;
			};
			name = Debug;
		};
		22FFD4A62804DE2A0076DA6A /* Release */ = {
			isa = XCBuildConfiguration;
			buildSettings = {
				ALWAYS_EMBED_SWIFT_STANDARD_LIBRARIES = YES;
				CODE_SIGN_STYLE = Automatic;
				CURRENT_PROJECT_VERSION = 1;
				GENERATE_INFOPLIST_FILE = YES;
				MARKETING_VERSION = 1.0;
				PRODUCT_BUNDLE_IDENTIFIER = com.segatto.anabelle.PomoFoxUITests;
				PRODUCT_NAME = "$(TARGET_NAME)";
				SWIFT_EMIT_LOC_STRINGS = NO;
				SWIFT_VERSION = 5.0;
				TARGETED_DEVICE_FAMILY = "1,2";
				TEST_TARGET_NAME = PomoFox;
			};
			name = Release;
		};
/* End XCBuildConfiguration section */

/* Begin XCConfigurationList section */
		22FFD4752804DE220076DA6A /* Build configuration list for PBXProject "PomoFox" */ = {
			isa = XCConfigurationList;
			buildConfigurations = (
				22FFD49C2804DE2A0076DA6A /* Debug */,
				22FFD49D2804DE2A0076DA6A /* Release */,
			);
			defaultConfigurationIsVisible = 0;
			defaultConfigurationName = Release;
		};
		22FFD49E2804DE2A0076DA6A /* Build configuration list for PBXNativeTarget "PomoFox" */ = {
			isa = XCConfigurationList;
			buildConfigurations = (
				22FFD49F2804DE2A0076DA6A /* Debug */,
				22FFD4A02804DE2A0076DA6A /* Release */,
			);
			defaultConfigurationIsVisible = 0;
			defaultConfigurationName = Release;
		};
		22FFD4A12804DE2A0076DA6A /* Build configuration list for PBXNativeTarget "PomoFoxTests" */ = {
			isa = XCConfigurationList;
			buildConfigurations = (
				22FFD4A22804DE2A0076DA6A /* Debug */,
				22FFD4A32804DE2A0076DA6A /* Release */,
			);
			defaultConfigurationIsVisible = 0;
			defaultConfigurationName = Release;
		};
		22FFD4A42804DE2A0076DA6A /* Build configuration list for PBXNativeTarget "PomoFoxUITests" */ = {
			isa = XCConfigurationList;
			buildConfigurations = (
				22FFD4A52804DE2A0076DA6A /* Debug */,
				22FFD4A62804DE2A0076DA6A /* Release */,
			);
			defaultConfigurationIsVisible = 0;
			defaultConfigurationName = Release;
		};
/* End XCConfigurationList section */
	};
	rootObject = 22FFD4722804DE220076DA6A /* Project object */;
}
